// !$*UTF8*$!
{
	archiveVersion = 1;
	classes = {
	};
	objectVersion = 46;
	objects = {

/* Begin PBXBuildFile section */
		B70F250F1C18DA130000A63E /* Field.swift in Sources */ = {isa = PBXBuildFile; fileRef = B70F250E1C18DA130000A63E /* Field.swift */; };
		B71B1B291C1A11650016A76E /* Row.swift in Sources */ = {isa = PBXBuildFile; fileRef = B71B1B281C1A11650016A76E /* Row.swift */; };
		B71B1B2B1C1A11DF0016A76E /* Value.swift in Sources */ = {isa = PBXBuildFile; fileRef = B71B1B2A1C1A11DF0016A76E /* Value.swift */; };
		B73654C91C18E1DE00328B3B /* PostgresTests.swift in Sources */ = {isa = PBXBuildFile; fileRef = B73654C81C18E1DE00328B3B /* PostgresTests.swift */; };
		B73654CB1C18E1DE00328B3B /* Postgres.framework in Frameworks */ = {isa = PBXBuildFile; fileRef = B7DDB9B41C171FCE00E16DAD /* Postgres.framework */; };
		B7B81DF01C1EE8C200D0639E /* libpq.tbd in Frameworks */ = {isa = PBXBuildFile; fileRef = B7B81DEF1C1EE8C200D0639E /* libpq.tbd */; };
		B7DDB9B81C171FCE00E16DAD /* Postgres.h in Headers */ = {isa = PBXBuildFile; fileRef = B7DDB9B71C171FCE00E16DAD /* Postgres.h */; settings = {ATTRIBUTES = (Public, ); }; };
		B7DDB9C11C171FD600E16DAD /* Connection.swift in Sources */ = {isa = PBXBuildFile; fileRef = B7DDB9C01C171FD600E16DAD /* Connection.swift */; };
		B7DDB9E51C178E7F00E16DAD /* Result.swift in Sources */ = {isa = PBXBuildFile; fileRef = B7DDB9E41C178E7F00E16DAD /* Result.swift */; };
/* End PBXBuildFile section */

/* Begin PBXContainerItemProxy section */
		B73654CC1C18E1DE00328B3B /* PBXContainerItemProxy */ = {
			isa = PBXContainerItemProxy;
			containerPortal = B7DDB9AB1C171FCE00E16DAD /* Project object */;
			proxyType = 1;
			remoteGlobalIDString = B7DDB9B31C171FCE00E16DAD;
			remoteInfo = Postgres;
		};
		B74D60181C1EDD8400E63E83 /* PBXContainerItemProxy */ = {
			isa = PBXContainerItemProxy;
			containerPortal = B74D60141C1EDD8300E63E83 /* SQL.xcodeproj */;
			proxyType = 2;
			remoteGlobalIDString = B7DDB9841C16EE2200E16DAD;
			remoteInfo = SQL;
		};
		B74D601A1C1EDD8B00E63E83 /* PBXContainerItemProxy */ = {
			isa = PBXContainerItemProxy;
			containerPortal = B74D60141C1EDD8300E63E83 /* SQL.xcodeproj */;
			proxyType = 1;
			remoteGlobalIDString = B7DDB9831C16EE2200E16DAD;
			remoteInfo = SQL;
		};
/* End PBXContainerItemProxy section */

/* Begin PBXFileReference section */
		B70F250E1C18DA130000A63E /* Field.swift */ = {isa = PBXFileReference; fileEncoding = 4; lastKnownFileType = sourcecode.swift; path = Field.swift; sourceTree = "<group>"; };
		B71B1B281C1A11650016A76E /* Row.swift */ = {isa = PBXFileReference; fileEncoding = 4; lastKnownFileType = sourcecode.swift; path = Row.swift; sourceTree = "<group>"; };
		B71B1B2A1C1A11DF0016A76E /* Value.swift */ = {isa = PBXFileReference; fileEncoding = 4; lastKnownFileType = sourcecode.swift; path = Value.swift; sourceTree = "<group>"; };
		B73654C61C18E1DE00328B3B /* PostgresTests.xctest */ = {isa = PBXFileReference; explicitFileType = wrapper.cfbundle; includeInIndex = 0; path = PostgresTests.xctest; sourceTree = BUILT_PRODUCTS_DIR; };
		B73654C81C18E1DE00328B3B /* PostgresTests.swift */ = {isa = PBXFileReference; lastKnownFileType = sourcecode.swift; path = PostgresTests.swift; sourceTree = "<group>"; };
		B73654CA1C18E1DE00328B3B /* Info.plist */ = {isa = PBXFileReference; lastKnownFileType = text.plist.xml; path = Info.plist; sourceTree = "<group>"; };
		B74D60141C1EDD8300E63E83 /* SQL.xcodeproj */ = {isa = PBXFileReference; lastKnownFileType = "wrapper.pb-project"; name = SQL.xcodeproj; path = "../../SQL/OSX Development/SQL.xcodeproj"; sourceTree = "<group>"; };
		B7B81DEF1C1EE8C200D0639E /* libpq.tbd */ = {isa = PBXFileReference; lastKnownFileType = "sourcecode.text-based-dylib-definition"; name = libpq.tbd; path = usr/lib/libpq.tbd; sourceTree = SDKROOT; };
		B7DDB9B41C171FCE00E16DAD /* Postgres.framework */ = {isa = PBXFileReference; explicitFileType = wrapper.framework; includeInIndex = 0; path = Postgres.framework; sourceTree = BUILT_PRODUCTS_DIR; };
		B7DDB9B71C171FCE00E16DAD /* Postgres.h */ = {isa = PBXFileReference; lastKnownFileType = sourcecode.c.h; name = Postgres.h; path = "OSX Development/Postgres/Postgres.h"; sourceTree = "<group>"; };
		B7DDB9B91C171FCE00E16DAD /* Info.plist */ = {isa = PBXFileReference; lastKnownFileType = text.plist.xml; name = Info.plist; path = "OSX Development/Postgres/Info.plist"; sourceTree = "<group>"; };
		B7DDB9C01C171FD600E16DAD /* Connection.swift */ = {isa = PBXFileReference; fileEncoding = 4; lastKnownFileType = sourcecode.swift; path = Connection.swift; sourceTree = "<group>"; };
		B7DDB9E41C178E7F00E16DAD /* Result.swift */ = {isa = PBXFileReference; fileEncoding = 4; lastKnownFileType = sourcecode.swift; path = Result.swift; sourceTree = "<group>"; };
/* End PBXFileReference section */

/* Begin PBXFrameworksBuildPhase section */
		B73654C31C18E1DE00328B3B /* Frameworks */ = {
			isa = PBXFrameworksBuildPhase;
			buildActionMask = 2147483647;
			files = (
				B73654CB1C18E1DE00328B3B /* Postgres.framework in Frameworks */,
			);
			runOnlyForDeploymentPostprocessing = 0;
		};
		B7DDB9B01C171FCE00E16DAD /* Frameworks */ = {
			isa = PBXFrameworksBuildPhase;
			buildActionMask = 2147483647;
			files = (
				B7B81DF01C1EE8C200D0639E /* libpq.tbd in Frameworks */,
			);
			runOnlyForDeploymentPostprocessing = 0;
		};
/* End PBXFrameworksBuildPhase section */

/* Begin PBXGroup section */
		B73654C71C18E1DE00328B3B /* PostgresTests */ = {
			isa = PBXGroup;
			children = (
				B73654C81C18E1DE00328B3B /* PostgresTests.swift */,
				B73654CA1C18E1DE00328B3B /* Info.plist */,
			);
			path = PostgresTests;
			sourceTree = "<group>";
		};
		B74D60151C1EDD8300E63E83 /* Products */ = {
			isa = PBXGroup;
			children = (
				B74D60191C1EDD8400E63E83 /* SQL.framework */,
			);
			name = Products;
			sourceTree = "<group>";
		};
		B7DDB9AA1C171FCE00E16DAD = {
			isa = PBXGroup;
			children = (
				B7B81DEF1C1EE8C200D0639E /* libpq.tbd */,
				B74D60141C1EDD8300E63E83 /* SQL.xcodeproj */,
				B7DDB9B61C171FCE00E16DAD /* Postgres */,
				B73654C71C18E1DE00328B3B /* PostgresTests */,
				B7DDB9B51C171FCE00E16DAD /* Products */,
			);
			sourceTree = "<group>";
		};
		B7DDB9B51C171FCE00E16DAD /* Products */ = {
			isa = PBXGroup;
			children = (
				B7DDB9B41C171FCE00E16DAD /* Postgres.framework */,
				B73654C61C18E1DE00328B3B /* PostgresTests.xctest */,
			);
			name = Products;
			sourceTree = "<group>";
		};
		B7DDB9B61C171FCE00E16DAD /* Postgres */ = {
			isa = PBXGroup;
			children = (
				B7DDB9BF1C171FD600E16DAD /* Sources */,
				B7DDB9B71C171FCE00E16DAD /* Postgres.h */,
				B7DDB9B91C171FCE00E16DAD /* Info.plist */,
			);
			name = Postgres;
			path = ..;
			sourceTree = "<group>";
		};
		B7DDB9BF1C171FD600E16DAD /* Sources */ = {
			isa = PBXGroup;
			children = (
				B7DDB9C01C171FD600E16DAD /* Connection.swift */,
				B7DDB9E41C178E7F00E16DAD /* Result.swift */,
				B70F250E1C18DA130000A63E /* Field.swift */,
				B71B1B281C1A11650016A76E /* Row.swift */,
				B71B1B2A1C1A11DF0016A76E /* Value.swift */,
			);
			path = Sources;
			sourceTree = "<group>";
		};
/* End PBXGroup section */

/* Begin PBXHeadersBuildPhase section */
		B7DDB9B11C171FCE00E16DAD /* Headers */ = {
			isa = PBXHeadersBuildPhase;
			buildActionMask = 2147483647;
			files = (
				B7DDB9B81C171FCE00E16DAD /* Postgres.h in Headers */,
			);
			runOnlyForDeploymentPostprocessing = 0;
		};
/* End PBXHeadersBuildPhase section */

/* Begin PBXNativeTarget section */
		B73654C51C18E1DE00328B3B /* PostgresTests */ = {
			isa = PBXNativeTarget;
			buildConfigurationList = B73654CE1C18E1DE00328B3B /* Build configuration list for PBXNativeTarget "PostgresTests" */;
			buildPhases = (
				B73654C21C18E1DE00328B3B /* Sources */,
				B73654C31C18E1DE00328B3B /* Frameworks */,
				B73654C41C18E1DE00328B3B /* Resources */,
			);
			buildRules = (
			);
			dependencies = (
				B73654CD1C18E1DE00328B3B /* PBXTargetDependency */,
			);
			name = PostgresTests;
			productName = PostgresTests;
			productReference = B73654C61C18E1DE00328B3B /* PostgresTests.xctest */;
			productType = "com.apple.product-type.bundle.unit-test";
		};
		B7DDB9B31C171FCE00E16DAD /* Postgres */ = {
			isa = PBXNativeTarget;
			buildConfigurationList = B7DDB9BC1C171FCE00E16DAD /* Build configuration list for PBXNativeTarget "Postgres" */;
			buildPhases = (
				B7DDB9AF1C171FCE00E16DAD /* Sources */,
				B7DDB9B01C171FCE00E16DAD /* Frameworks */,
				B7DDB9B11C171FCE00E16DAD /* Headers */,
				B7DDB9B21C171FCE00E16DAD /* Resources */,
			);
			buildRules = (
			);
			dependencies = (
				B74D601B1C1EDD8B00E63E83 /* PBXTargetDependency */,
			);
			name = Postgres;
			productName = SwiftPG;
			productReference = B7DDB9B41C171FCE00E16DAD /* Postgres.framework */;
			productType = "com.apple.product-type.framework";
		};
/* End PBXNativeTarget section */

/* Begin PBXProject section */
		B7DDB9AB1C171FCE00E16DAD /* Project object */ = {
			isa = PBXProject;
			attributes = {
				LastSwiftUpdateCheck = 0710;
				LastUpgradeCheck = 0710;
				ORGANIZATIONNAME = Formbound;
				TargetAttributes = {
					B73654C51C18E1DE00328B3B = {
						CreatedOnToolsVersion = 7.1;
					};
					B7DDB9B31C171FCE00E16DAD = {
						CreatedOnToolsVersion = 7.1;
					};
				};
			};
			buildConfigurationList = B7DDB9AE1C171FCE00E16DAD /* Build configuration list for PBXProject "Postgres" */;
			compatibilityVersion = "Xcode 3.2";
			developmentRegion = English;
			hasScannedForEncodings = 0;
			knownRegions = (
				en,
			);
			mainGroup = B7DDB9AA1C171FCE00E16DAD;
			productRefGroup = B7DDB9B51C171FCE00E16DAD /* Products */;
			projectDirPath = "";
			projectReferences = (
				{
					ProductGroup = B74D60151C1EDD8300E63E83 /* Products */;
					ProjectRef = B74D60141C1EDD8300E63E83 /* SQL.xcodeproj */;
				},
			);
			projectRoot = "";
			targets = (
				B7DDB9B31C171FCE00E16DAD /* Postgres */,
				B73654C51C18E1DE00328B3B /* PostgresTests */,
			);
		};
/* End PBXProject section */

/* Begin PBXReferenceProxy section */
		B74D60191C1EDD8400E63E83 /* SQL.framework */ = {
			isa = PBXReferenceProxy;
			fileType = wrapper.framework;
			path = SQL.framework;
			remoteRef = B74D60181C1EDD8400E63E83 /* PBXContainerItemProxy */;
			sourceTree = BUILT_PRODUCTS_DIR;
		};
/* End PBXReferenceProxy section */

/* Begin PBXResourcesBuildPhase section */
		B73654C41C18E1DE00328B3B /* Resources */ = {
			isa = PBXResourcesBuildPhase;
			buildActionMask = 2147483647;
			files = (
			);
			runOnlyForDeploymentPostprocessing = 0;
		};
		B7DDB9B21C171FCE00E16DAD /* Resources */ = {
			isa = PBXResourcesBuildPhase;
			buildActionMask = 2147483647;
			files = (
			);
			runOnlyForDeploymentPostprocessing = 0;
		};
/* End PBXResourcesBuildPhase section */

/* Begin PBXSourcesBuildPhase section */
		B73654C21C18E1DE00328B3B /* Sources */ = {
			isa = PBXSourcesBuildPhase;
			buildActionMask = 2147483647;
			files = (
				B73654C91C18E1DE00328B3B /* PostgresTests.swift in Sources */,
			);
			runOnlyForDeploymentPostprocessing = 0;
		};
		B7DDB9AF1C171FCE00E16DAD /* Sources */ = {
			isa = PBXSourcesBuildPhase;
			buildActionMask = 2147483647;
			files = (
				B71B1B291C1A11650016A76E /* Row.swift in Sources */,
				B7DDB9C11C171FD600E16DAD /* Connection.swift in Sources */,
				B71B1B2B1C1A11DF0016A76E /* Value.swift in Sources */,
				B7DDB9E51C178E7F00E16DAD /* Result.swift in Sources */,
				B70F250F1C18DA130000A63E /* Field.swift in Sources */,
			);
			runOnlyForDeploymentPostprocessing = 0;
		};
/* End PBXSourcesBuildPhase section */

/* Begin PBXTargetDependency section */
		B73654CD1C18E1DE00328B3B /* PBXTargetDependency */ = {
			isa = PBXTargetDependency;
			target = B7DDB9B31C171FCE00E16DAD /* Postgres */;
			targetProxy = B73654CC1C18E1DE00328B3B /* PBXContainerItemProxy */;
		};
		B74D601B1C1EDD8B00E63E83 /* PBXTargetDependency */ = {
			isa = PBXTargetDependency;
			name = SQL;
			targetProxy = B74D601A1C1EDD8B00E63E83 /* PBXContainerItemProxy */;
		};
/* End PBXTargetDependency section */

/* Begin XCBuildConfiguration section */
		B73654CF1C18E1DE00328B3B /* Debug */ = {
			isa = XCBuildConfiguration;
			buildSettings = {
				COMBINE_HIDPI_IMAGES = YES;
				HEADER_SEARCH_PATHS = "${SRCROOT}";
				INFOPLIST_FILE = PostgresTests/Info.plist;
				LD_RUNPATH_SEARCH_PATHS = "$(inherited) @executable_path/../Frameworks @loader_path/../Frameworks";
				PRODUCT_BUNDLE_IDENTIFIER = com.formbound.PostgresTests;
				PRODUCT_NAME = "$(TARGET_NAME)";
			};
			name = Debug;
		};
		B73654D01C18E1DE00328B3B /* Release */ = {
			isa = XCBuildConfiguration;
			buildSettings = {
				COMBINE_HIDPI_IMAGES = YES;
				HEADER_SEARCH_PATHS = "${SRCROOT}";
				INFOPLIST_FILE = PostgresTests/Info.plist;
				LD_RUNPATH_SEARCH_PATHS = "$(inherited) @executable_path/../Frameworks @loader_path/../Frameworks";
				PRODUCT_BUNDLE_IDENTIFIER = com.formbound.PostgresTests;
				PRODUCT_NAME = "$(TARGET_NAME)";
			};
			name = Release;
		};
		B7DDB9BA1C171FCE00E16DAD /* Debug */ = {
			isa = XCBuildConfiguration;
			buildSettings = {
				ALWAYS_SEARCH_USER_PATHS = NO;
				CLANG_CXX_LANGUAGE_STANDARD = "gnu++0x";
				CLANG_CXX_LIBRARY = "libc++";
				CLANG_ENABLE_MODULES = YES;
				CLANG_ENABLE_OBJC_ARC = YES;
				CLANG_WARN_BOOL_CONVERSION = YES;
				CLANG_WARN_CONSTANT_CONVERSION = YES;
				CLANG_WARN_DIRECT_OBJC_ISA_USAGE = YES_ERROR;
				CLANG_WARN_EMPTY_BODY = YES;
				CLANG_WARN_ENUM_CONVERSION = YES;
				CLANG_WARN_INT_CONVERSION = YES;
				CLANG_WARN_OBJC_ROOT_CLASS = YES_ERROR;
				CLANG_WARN_UNREACHABLE_CODE = YES;
				CLANG_WARN__DUPLICATE_METHOD_MATCH = YES;
				CODE_SIGN_IDENTITY = "-";
				COPY_PHASE_STRIP = NO;
				CURRENT_PROJECT_VERSION = 1;
				DEBUG_INFORMATION_FORMAT = dwarf;
				ENABLE_STRICT_OBJC_MSGSEND = YES;
				ENABLE_TESTABILITY = YES;
				GCC_C_LANGUAGE_STANDARD = gnu99;
				GCC_DYNAMIC_NO_PIC = NO;
				GCC_NO_COMMON_BLOCKS = YES;
				GCC_OPTIMIZATION_LEVEL = 0;
				GCC_PREPROCESSOR_DEFINITIONS = (
					"DEBUG=1",
					"$(inherited)",
				);
				GCC_WARN_64_TO_32_BIT_CONVERSION = YES;
				GCC_WARN_ABOUT_RETURN_TYPE = YES_ERROR;
				GCC_WARN_UNDECLARED_SELECTOR = YES;
				GCC_WARN_UNINITIALIZED_AUTOS = YES_AGGRESSIVE;
				GCC_WARN_UNUSED_FUNCTION = YES;
				GCC_WARN_UNUSED_VARIABLE = YES;
				MACOSX_DEPLOYMENT_TARGET = 10.11;
				MTL_ENABLE_DEBUG_INFO = YES;
				ONLY_ACTIVE_ARCH = YES;
				SDKROOT = macosx;
				SWIFT_OPTIMIZATION_LEVEL = "-Onone";
				VERSIONING_SYSTEM = "apple-generic";
				VERSION_INFO_PREFIX = "";
			};
			name = Debug;
		};
		B7DDB9BB1C171FCE00E16DAD /* Release */ = {
			isa = XCBuildConfiguration;
			buildSettings = {
				ALWAYS_SEARCH_USER_PATHS = NO;
				CLANG_CXX_LANGUAGE_STANDARD = "gnu++0x";
				CLANG_CXX_LIBRARY = "libc++";
				CLANG_ENABLE_MODULES = YES;
				CLANG_ENABLE_OBJC_ARC = YES;
				CLANG_WARN_BOOL_CONVERSION = YES;
				CLANG_WARN_CONSTANT_CONVERSION = YES;
				CLANG_WARN_DIRECT_OBJC_ISA_USAGE = YES_ERROR;
				CLANG_WARN_EMPTY_BODY = YES;
				CLANG_WARN_ENUM_CONVERSION = YES;
				CLANG_WARN_INT_CONVERSION = YES;
				CLANG_WARN_OBJC_ROOT_CLASS = YES_ERROR;
				CLANG_WARN_UNREACHABLE_CODE = YES;
				CLANG_WARN__DUPLICATE_METHOD_MATCH = YES;
				CODE_SIGN_IDENTITY = "-";
				COPY_PHASE_STRIP = NO;
				CURRENT_PROJECT_VERSION = 1;
				DEBUG_INFORMATION_FORMAT = "dwarf-with-dsym";
				ENABLE_NS_ASSERTIONS = NO;
				ENABLE_STRICT_OBJC_MSGSEND = YES;
				GCC_C_LANGUAGE_STANDARD = gnu99;
				GCC_NO_COMMON_BLOCKS = YES;
				GCC_WARN_64_TO_32_BIT_CONVERSION = YES;
				GCC_WARN_ABOUT_RETURN_TYPE = YES_ERROR;
				GCC_WARN_UNDECLARED_SELECTOR = YES;
				GCC_WARN_UNINITIALIZED_AUTOS = YES_AGGRESSIVE;
				GCC_WARN_UNUSED_FUNCTION = YES;
				GCC_WARN_UNUSED_VARIABLE = YES;
				MACOSX_DEPLOYMENT_TARGET = 10.11;
				MTL_ENABLE_DEBUG_INFO = NO;
				SDKROOT = macosx;
				VERSIONING_SYSTEM = "apple-generic";
				VERSION_INFO_PREFIX = "";
			};
			name = Release;
		};
		B7DDB9BD1C171FCE00E16DAD /* Debug */ = {
			isa = XCBuildConfiguration;
			buildSettings = {
				COMBINE_HIDPI_IMAGES = YES;
				DEFINES_MODULE = YES;
				DYLIB_COMPATIBILITY_VERSION = 1;
				DYLIB_CURRENT_VERSION = 1;
				DYLIB_INSTALL_NAME_BASE = "@rpath";
				FRAMEWORK_SEARCH_PATHS = (
					"$(inherited)",
					"$(PROJECT_DIR)",
				);
				FRAMEWORK_VERSION = A;
				HEADER_SEARCH_PATHS = "${SRCROOT}";
				INFOPLIST_FILE = Postgres/Info.plist;
				INSTALL_PATH = "$(LOCAL_LIBRARY_DIR)/Frameworks";
				LD_RUNPATH_SEARCH_PATHS = "$(inherited) @executable_path/../Frameworks @loader_path/Frameworks";
				PRODUCT_BUNDLE_IDENTIFIER = com.formbound.Postgres;
				PRODUCT_NAME = Postgres;
				SKIP_INSTALL = YES;
			};
			name = Debug;
		};
		B7DDB9BE1C171FCE00E16DAD /* Release */ = {
			isa = XCBuildConfiguration;
			buildSettings = {
				COMBINE_HIDPI_IMAGES = YES;
				DEFINES_MODULE = YES;
				DYLIB_COMPATIBILITY_VERSION = 1;
				DYLIB_CURRENT_VERSION = 1;
				DYLIB_INSTALL_NAME_BASE = "@rpath";
				FRAMEWORK_SEARCH_PATHS = (
					"$(inherited)",
					"$(PROJECT_DIR)",
				);
				FRAMEWORK_VERSION = A;
				HEADER_SEARCH_PATHS = "${SRCROOT}";
				INFOPLIST_FILE = Postgres/Info.plist;
				INSTALL_PATH = "$(LOCAL_LIBRARY_DIR)/Frameworks";
				LD_RUNPATH_SEARCH_PATHS = "$(inherited) @executable_path/../Frameworks @loader_path/Frameworks";
				PRODUCT_BUNDLE_IDENTIFIER = com.formbound.Postgres;
				PRODUCT_NAME = Postgres;
				SKIP_INSTALL = YES;
			};
			name = Release;
		};
/* End XCBuildConfiguration section */

/* Begin XCConfigurationList section */
		B73654CE1C18E1DE00328B3B /* Build configuration list for PBXNativeTarget "PostgresTests" */ = {
			isa = XCConfigurationList;
			buildConfigurations = (
				B73654CF1C18E1DE00328B3B /* Debug */,
				B73654D01C18E1DE00328B3B /* Release */,
			);
			defaultConfigurationIsVisible = 0;
			defaultConfigurationName = Release;
		};
		B7DDB9AE1C171FCE00E16DAD /* Build configuration list for PBXProject "Postgres" */ = {
			isa = XCConfigurationList;
			buildConfigurations = (
				B7DDB9BA1C171FCE00E16DAD /* Debug */,
				B7DDB9BB1C171FCE00E16DAD /* Release */,
			);
			defaultConfigurationIsVisible = 0;
			defaultConfigurationName = Release;
		};
		B7DDB9BC1C171FCE00E16DAD /* Build configuration list for PBXNativeTarget "Postgres" */ = {
			isa = XCConfigurationList;
			buildConfigurations = (
				B7DDB9BD1C171FCE00E16DAD /* Debug */,
				B7DDB9BE1C171FCE00E16DAD /* Release */,
			);
			defaultConfigurationIsVisible = 0;
			defaultConfigurationName = Release;
		};
/* End XCConfigurationList section */
	};
	rootObject = B7DDB9AB1C171FCE00E16DAD /* Project object */;
}
